
Microsoft Visual Studio Solution File, Format Version 12.00
# Visual Studio Version 16
VisualStudioVersion = 16.0.31729.503
MinimumVisualStudioVersion = 10.0.40219.1
Project("{FAE04EC0-301F-11D3-BF4B-00C04F79EFBC}") = "Restaurant Menu and Ordering System", "Restaurant Menu and Ordering System.csproj", "{FE804FE1-4B56-4DA7-A7BF-E6732DF542A2}"
EndProject
Global
	GlobalSection(SolutionConfigurationPlatforms) = preSolution
		Debug|Any CPU = Debug|Any CPU
		Release|Any CPU = Release|Any CPU
	EndGlobalSection
	GlobalSection(ProjectConfigurationPlatforms) = postSolution
		{FE804FE1-4B56-4DA7-A7BF-E6732DF542A2}.Debug|Any CPU.ActiveCfg = Debug|Any CPU
		{FE804FE1-4B56-4DA7-A7BF-E6732DF542A2}.Debug|Any CPU.Build.0 = Debug|Any CPU
		{FE804FE1-4B56-4DA7-A7BF-E6732DF542A2}.Release|Any CPU.ActiveCfg = Release|Any CPU
		{FE804FE1-4B56-4DA7-A7BF-E6732DF542A2}.Release|Any CPU.Build.0 = Release|Any CPU
	EndGlobalSection
	GlobalSection(SolutionProperties) = preSolution
		HideSolutionNode = FALSE
	EndGlobalSection
	GlobalSection(ExtensibilityGlobals) = postSolution
		SolutionGuid = {0DF932FF-76D3-454D-A376-7DE37BD7FB32}
	EndGlobalSection
EndGlobal
